// !$*UTF8*$!
{
	archiveVersion = 1;
	classes = {
	};
	objectVersion = 46;
	objects = {

/* Begin PBXBuildFile section */
		2B2F5AB91C2D5F3800BD4F58 /* AppDelegate.swift in Sources */ = {isa = PBXBuildFile; fileRef = 2B2F5AB81C2D5F3800BD4F58 /* AppDelegate.swift */; };
		2B2F5ABB1C2D5F3800BD4F58 /* ViewController.swift in Sources */ = {isa = PBXBuildFile; fileRef = 2B2F5ABA1C2D5F3800BD4F58 /* ViewController.swift */; };
		2B2F5ABE1C2D5F3800BD4F58 /* Main.storyboard in Resources */ = {isa = PBXBuildFile; fileRef = 2B2F5ABC1C2D5F3800BD4F58 /* Main.storyboard */; };
		2B2F5AC01C2D5F3800BD4F58 /* Assets.xcassets in Resources */ = {isa = PBXBuildFile; fileRef = 2B2F5ABF1C2D5F3800BD4F58 /* Assets.xcassets */; };
		2B2F5AC31C2D5F3800BD4F58 /* LaunchScreen.storyboard in Resources */ = {isa = PBXBuildFile; fileRef = 2B2F5AC11C2D5F3800BD4F58 /* LaunchScreen.storyboard */; };
/* End PBXBuildFile section */

/* Begin PBXFileReference section */
		2B2F5AB51C2D5F3800BD4F58 /* GoogleAnalyticProb.app */ = {isa = PBXFileReference; explicitFileType = wrapper.application; includeInIndex = 0; path = GoogleAnalyticProb.app; sourceTree = BUILT_PRODUCTS_DIR; };
		2B2F5AB81C2D5F3800BD4F58 /* AppDelegate.swift */ = {isa = PBXFileReference; lastKnownFileType = sourcecode.swift; path = AppDelegate.swift; sourceTree = "<group>"; };
		2B2F5ABA1C2D5F3800BD4F58 /* ViewController.swift */ = {isa = PBXFileReference; lastKnownFileType = sourcecode.swift; path = ViewController.swift; sourceTree = "<group>"; };
		2B2F5ABD1C2D5F3800BD4F58 /* Base */ = {isa = PBXFileReference; lastKnownFileType = file.storyboard; name = Base; path = Base.lproj/Main.storyboard; sourceTree = "<group>"; };
		2B2F5ABF1C2D5F3800BD4F58 /* Assets.xcassets */ = {isa = PBXFileReference; lastKnownFileType = folder.assetcatalog; path = Assets.xcassets; sourceTree = "<group>"; };
		2B2F5AC21C2D5F3800BD4F58 /* Base */ = {isa = PBXFileReference; lastKnownFileType = file.storyboard; name = Base; path = Base.lproj/LaunchScreen.storyboard; sourceTree = "<group>"; };
		2B2F5AC41C2D5F3800BD4F58 /* Info.plist */ = {isa = PBXFileReference; lastKnownFileType = text.plist.xml; path = Info.plist; sourceTree = "<group>"; };
/* End PBXFileReference section */

/* Begin PBXFrameworksBuildPhase section */
		2B2F5AB21C2D5F3800BD4F58 /* Frameworks */ = {
			isa = PBXFrameworksBuildPhase;
			buildActionMask = 2147483647;
			files = (
			);
			runOnlyForDeploymentPostprocessing = 0;
		};
/* End PBXFrameworksBuildPhase section */

/* Begin PBXGroup section */
		2B2F5AAC1C2D5F3800BD4F58 = {
			isa = PBXGroup;
			children = (
				2B2F5AB71C2D5F3800BD4F58 /* GoogleAnalyticProb */,
				2B2F5AB61C2D5F3800BD4F58 /* Products */,
			);
			sourceTree = "<group>";
		};
		2B2F5AB61C2D5F3800BD4F58 /* Products */ = {
			isa = PBXGroup;
			children = (
				2B2F5AB51C2D5F3800BD4F58 /* GoogleAnalyticProb.app */,
			);
			name = Products;
			sourceTree = "<group>";
		};
		2B2F5AB71C2D5F3800BD4F58 /* GoogleAnalyticProb */ = {
			isa = PBXGroup;
			children = (
				2B2F5AB81C2D5F3800BD4F58 /* AppDelegate.swift */,
				2B2F5ABA1C2D5F3800BD4F58 /* ViewController.swift */,
				2B2F5ABC1C2D5F3800BD4F58 /* Main.storyboard */,
				2B2F5ABF1C2D5F3800BD4F58 /* Assets.xcassets */,
				2B2F5AC11C2D5F3800BD4F58 /* LaunchScreen.storyboard */,
				2B2F5AC41C2D5F3800BD4F58 /* Info.plist */,
			);
			path = GoogleAnalyticProb;
			sourceTree = "<group>";
		};
/* End PBXGroup section */

/* Begin PBXNativeTarget section */
		2B2F5AB41C2D5F3800BD4F58 /* GoogleAnalyticProb */ = {
			isa = PBXNativeTarget;
			buildConfigurationList = 2B2F5AC71C2D5F3800BD4F58 /* Build configuration list for PBXNativeTarget "GoogleAnalyticProb" */;
			buildPhases = (
				2B2F5AB11C2D5F3800BD4F58 /* Sources */,
				2B2F5AB21C2D5F3800BD4F58 /* Frameworks */,
				2B2F5AB31C2D5F3800BD4F58 /* Resources */,
			);
			buildRules = (
			);
			dependencies = (
			);
			name = GoogleAnalyticProb;
			productName = GoogleAnalyticProb;
			productReference = 2B2F5AB51C2D5F3800BD4F58 /* GoogleAnalyticProb.app */;
			productType = "com.apple.product-type.application";
		};
/* End PBXNativeTarget section */

/* Begin PBXProject section */
		2B2F5AAD1C2D5F3800BD4F58 /* Project object */ = {
			isa = PBXProject;
			attributes = {
				LastSwiftUpdateCheck = 0720;
				LastUpgradeCheck = 0720;
				ORGANIZATIONNAME = test;
				TargetAttributes = {
					2B2F5AB41C2D5F3800BD4F58 = {
						CreatedOnToolsVersion = 7.2;
					};
				};
			};
			buildConfigurationList = 2B2F5AB01C2D5F3800BD4F58 /* Build configuration list for PBXProject "GoogleAnalyticProb" */;
			compatibilityVersion = "Xcode 3.2";
			developmentRegion = English;
			hasScannedForEncodings = 0;
			knownRegions = (
				en,
				Base,
			);
			mainGroup = 2B2F5AAC1C2D5F3800BD4F58;
			productRefGroup = 2B2F5AB61C2D5F3800BD4F58 /* Products */;
			projectDirPath = "";
			projectRoot = "";
			targets = (
				2B2F5AB41C2D5F3800BD4F58 /* GoogleAnalyticProb */,
			);
		};
/* End PBXProject section */

/* Begin PBXResourcesBuildPhase section */
		2B2F5AB31C2D5F3800BD4F58 /* Resources */ = {
			isa = PBXResourcesBuildPhase;
			buildActionMask = 2147483647;
			files = (
				2B2F5AC31C2D5F3800BD4F58 /* LaunchScreen.storyboard in Resources */,
				2B2F5AC01C2D5F3800BD4F58 /* Assets.xcassets in Resources */,
				2B2F5ABE1C2D5F3800BD4F58 /* Main.storyboard in Resources */,
			);
			runOnlyForDeploymentPostprocessing = 0;
		};
/* End PBXResourcesBuildPhase section */

/* Begin PBXSourcesBuildPhase section */
		2B2F5AB11C2D5F3800BD4F58 /* Sources */ = {
			isa = PBXSourcesBuildPhase;
			buildActionMask = 2147483647;
			files = (
				2B2F5ABB1C2D5F3800BD4F58 /* ViewController.swift in Sources */,
				2B2F5AB91C2D5F3800BD4F58 /* AppDelegate.swift in Sources */,
			);
			runOnlyForDeploymentPostprocessing = 0;
		};
/* End PBXSourcesBuildPhase section */

/* Begin PBXVariantGroup section */
		2B2F5ABC1C2D5F3800BD4F58 /* Main.storyboard */ = {
			isa = PBXVariantGroup;
			children = (
				2B2F5ABD1C2D5F3800BD4F58 /* Base */,
			);
			name = Main.storyboard;
			sourceTree = "<group>";
		};
		2B2F5AC11C2D5F3800BD4F58 /* LaunchScreen.storyboard */ = {
			isa = PBXVariantGroup;
			children = (
				2B2F5AC21C2D5F3800BD4F58 /* Base */,
			);
			name = LaunchScreen.storyboard;
			sourceTree = "<group>";
		};
/* End PBXVariantGroup section */

/* Begin XCBuildConfiguration section */
		2B2F5AC51C2D5F3800BD4F58 /* Debug */ = {
			isa = XCBuildConfiguration;
			buildSettings = {
				ALWAYS_SEARCH_USER_PATHS = NO;
				CLANG_CXX_LANGUAGE_STANDARD = "gnu++0x";
				CLANG_CXX_LIBRARY = "libc++";
				CLANG_ENABLE_MODULES = YES;
				CLANG_ENABLE_OBJC_ARC = YES;
				CLANG_WARN_BOOL_CONVERSION = YES;
				CLANG_WARN_CONSTANT_CONVERSION = YES;
				CLANG_WARN_DIRECT_OBJC_ISA_USAGE = YES_ERROR;
				CLANG_WARN_EMPTY_BODY = YES;
				CLANG_WARN_ENUM_CONVERSION = YES;
				CLANG_WARN_INT_CONVERSION = YES;
				CLANG_WARN_OBJC_ROOT_CLASS = YES_ERROR;
				CLANG_WARN_UNREACHABLE_CODE = YES;
				CLANG_WARN__DUPLICATE_METHOD_MATCH = YES;
				"CODE_SIGN_IDENTITY[sdk=iphoneos*]" = "iPhone Developer";
				COPY_PHASE_STRIP = NO;
				DEBUG_INFORMATION_FORMAT = dwarf;
				ENABLE_STRICT_OBJC_MSGSEND = YES;
				ENABLE_TESTABILITY = YES;
				GCC_C_LANGUAGE_STANDARD = gnu99;
				GCC_DYNAMIC_NO_PIC = NO;
				GCC_NO_COMMON_BLOCKS = YES;
				GCC_OPTIMIZATION_LEVEL = 0;
				GCC_PREPROCESSOR_DEFINITIONS = (
					"DEBUG=1",
					"$(inherited)",
				);
				GCC_WARN_64_TO_32_BIT_CONVERSION = YES;
				GCC_WARN_ABOUT_RETURN_TYPE = YES_ERROR;
				GCC_WARN_UNDECLARED_SELECTOR = YES;
				GCC_WARN_UNINITIALIZED_AUTOS = YES_AGGRESSIVE;
				GCC_WARN_UNUSED_FUNCTION = YES;
				GCC_WARN_UNUSED_VARIABLE = YES;
				IPHONEOS_DEPLOYMENT_TARGET = 9.2;
				MTL_ENABLE_DEBUG_INFO = YES;
				ONLY_ACTIVE_ARCH = YES;
				SDKROOT = iphoneos;
				SWIFT_OPTIMIZATION_LEVEL = "-Onone";
				TARGETED_DEVICE_FAMILY = "1,2";
			};
			name = Debug;
		};
		2B2F5AC61C2D5F3800BD4F58 /* Release */ = {
			isa = XCBuildConfiguration;
			buildSettings = {
				ALWAYS_SEARCH_USER_PATHS = NO;
				CLANG_CXX_LANGUAGE_STANDARD = "gnu++0x";
				CLANG_CXX_LIBRARY = "libc++";
				CLANG_ENABLE_MODULES = YES;
				CLANG_ENABLE_OBJC_ARC = YES;
				CLANG_WARN_BOOL_CONVERSION = YES;
				CLANG_WARN_CONSTANT_CONVERSION = YES;
				CLANG_WARN_DIRECT_OBJC_ISA_USAGE = YES_ERROR;
				CLANG_WARN_EMPTY_BODY = YES;
				CLANG_WARN_ENUM_CONVERSION = YES;
				CLANG_WARN_INT_CONVERSION = YES;
				CLANG_WARN_OBJC_ROOT_CLASS = YES_ERROR;
				CLANG_WARN_UNREACHABLE_CODE = YES;
				CLANG_WARN__DUPLICATE_METHOD_MATCH = YES;
				"CODE_SIGN_IDENTITY[sdk=iphoneos*]" = "iPhone Developer";
				COPY_PHASE_STRIP = NO;
				DEBUG_INFORMATION_FORMAT = "dwarf-with-dsym";
				ENABLE_NS_ASSERTIONS = NO;
				ENABLE_STRICT_OBJC_MSGSEND = YES;
				GCC_C_LANGUAGE_STANDARD = gnu99;
				GCC_NO_COMMON_BLOCKS = YES;
				GCC_WARN_64_TO_32_BIT_CONVERSION = YES;
				GCC_WARN_ABOUT_RETURN_TYPE = YES_ERROR;
				GCC_WARN_UNDECLARED_SELECTOR = YES;
				GCC_WARN_UNINITIALIZED_AUTOS = YES_AGGRESSIVE;
				GCC_WARN_UNUSED_FUNCTION = YES;
				GCC_WARN_UNUSED_VARIABLE = YES;
				IPHONEOS_DEPLOYMENT_TARGET = 9.2;
				MTL_ENABLE_DEBUG_INFO = NO;
				SDKROOT = iphoneos;
				TARGETED_DEVICE_FAMILY = "1,2";
				VALIDATE_PRODUCT = YES;
			};
			name = Release;
		};
		2B2F5AC81C2D5F3800BD4F58 /* Debug */ = {
			isa = XCBuildConfiguration;
			buildSettings = {
				ASSETCATALOG_COMPILER_APPICON_NAME = AppIcon;
				INFOPLIST_FILE = GoogleAnalyticProb/Info.plist;
				LD_RUNPATH_SEARCH_PATHS = "$(inherited) @executable_path/Frameworks";
				PRODUCT_BUNDLE_IDENTIFIER = com.test.GoogleAnalyticProb;
				PRODUCT_NAME = "$(TARGET_NAME)";
			};
			name = Debug;
		};
		2B2F5AC91C2D5F3800BD4F58 /* Release */ = {
			isa = XCBuildConfiguration;
			buildSettings = {
				ASSETCATALOG_COMPILER_APPICON_NAME = AppIcon;
				INFOPLIST_FILE = GoogleAnalyticProb/Info.plist;
				LD_RUNPATH_SEARCH_PATHS = "$(inherited) @executable_path/Frameworks";
				PRODUCT_BUNDLE_IDENTIFIER = com.test.GoogleAnalyticProb;
				PRODUCT_NAME = "$(TARGET_NAME)";
			};
			name = Release;
		};
/* End XCBuildConfiguration section */

/* Begin XCConfigurationList section */
		2B2F5AB01C2D5F3800BD4F58 /* Build configuration list for PBXProject "GoogleAnalyticProb" */ = {
			isa = XCConfigurationList;
			buildConfigurations = (
				2B2F5AC51C2D5F3800BD4F58 /* Debug */,
				2B2F5AC61C2D5F3800BD4F58 /* Release */,
			);
			defaultConfigurationIsVisible = 0;
			defaultConfigurationName = Release;
		};
		2B2F5AC71C2D5F3800BD4F58 /* Build configuration list for PBXNativeTarget "GoogleAnalyticProb" */ = {
			isa = XCConfigurationList;
			buildConfigurations = (
				2B2F5AC81C2D5F3800BD4F58 /* Debug */,
				2B2F5AC91C2D5F3800BD4F58 /* Release */,
			);
			defaultConfigurationIsVisible = 0;
		};
/* End XCConfigurationList section */
	};
	rootObject = 2B2F5AAD1C2D5F3800BD4F58 /* Project object */;
}
